
Microsoft Visual Studio Solution File, Format Version 12.00
# Visual Studio 2013
VisualStudioVersion = 12.0.31101.0
MinimumVisualStudioVersion = 10.0.40219.1
Project("{2150E333-8FDC-42A3-9474-1A3956D46DE8}") = "Demo", "Demo", "{965677EE-5FEE-4ED6-A4CE-BF43C08EAEB0}"
EndProject
Project("{2150E333-8FDC-42A3-9474-1A3956D46DE8}") = "Component", "Component", "{4B55FE90-C63B-4CBF-9A20-2CA463846077}"
EndProject
Project("{FAE04EC0-301F-11D3-BF4B-00C04F79EFBC}") = "RootKill.Component.Logitech.Lcd", "Component\Logitech.Lcd\RootKill.Component.Logitech.Lcd.csproj", "{FBFC8E68-6A04-43FF-B901-B9108111DE02}"
EndProject
Project("{2150E333-8FDC-42A3-9474-1A3956D46DE8}") = "Component", "Component", "{A426BE7C-1501-452E-B87A-E0B2AFF33E67}"
EndProject
Project("{FAE04EC0-301F-11D3-BF4B-00C04F79EFBC}") = "RootKill.Demo.Component.Logitech.Lcd", "Demo\Component\Logitech.Lcd\RootKill.Demo.Component.Logitech.Lcd.csproj", "{C40A7CD1-76D8-4208-B5C2-810F6415810A}"
EndProject
Project("{2150E333-8FDC-42A3-9474-1A3956D46DE8}") = "App", "App", "{E2D8D71F-9B27-4F4C-A642-24F1116B3428}"
EndProject
Project("{FAE04EC0-301F-11D3-BF4B-00C04F79EFBC}") = "Rootkill.App.SysTray", "App\SysTray\Rootkill.App.SysTray.csproj", "{DE5930BD-579E-4736-813A-F6EEE3421BA0}"
EndProject
Project("{2150E333-8FDC-42A3-9474-1A3956D46DE8}") = "Logitech.Lcd", "Logitech.Lcd", "{34F69E7C-22EE-4576-B4FD-5883A15C5808}"
EndProject
Project("{2150E333-8FDC-42A3-9474-1A3956D46DE8}") = "Logitech.Lcd", "Logitech.Lcd", "{0709CFCD-4B87-4EA0-B58B-AB1AA759EA22}"
EndProject
Project("{2150E333-8FDC-42A3-9474-1A3956D46DE8}") = "Icon", "Icon", "{7A7A1CBF-DE9E-4FDA-8892-B38782749D9B}"
EndProject
Project("{2150E333-8FDC-42A3-9474-1A3956D46DE8}") = "SysTray", "SysTray", "{65FA9631-D50A-4BB9-8556-58F7F3E4658B}"
EndProject
Project("{2150E333-8FDC-42A3-9474-1A3956D46DE8}") = "IconsLand", "IconsLand", "{BA79972A-6643-45F7-9AB5-1221BAC760F2}"
EndProject
Project("{FAE04EC0-301F-11D3-BF4B-00C04F79EFBC}") = "RootKill.Icon.IconsLand", "Icon\IconsLand\RootKill.Icon.IconsLand.csproj", "{BF1D621E-EFBD-420A-A374-5F12A0F70E3A}"
EndProject
Project("{2150E333-8FDC-42A3-9474-1A3956D46DE8}") = "Screen", "Screen", "{81BA0D16-FBAF-4C57-994D-84618E2A6EA1}"
EndProject
Project("{FAE04EC0-301F-11D3-BF4B-00C04F79EFBC}") = "RootKill.Component.Screen", "Component\Screen\RootKill.Component.Screen.csproj", "{52A6C53A-8835-40E4-B43E-EE64E031E65A}"
EndProject
Project("{2150E333-8FDC-42A3-9474-1A3956D46DE8}") = "Screen", "Screen", "{CB1ED2DB-9AA7-40C2-B238-61B31FBE8C70}"
EndProject
Project("{FAE04EC0-301F-11D3-BF4B-00C04F79EFBC}") = "RootKill.Demo.Component.Screen", "Demo\Component\Screen\RootKill.Demo.Component.Screen.csproj", "{C4A7CDB9-DF9D-4FAB-992F-8B87E0FD676B}"
EndProject
Global
	GlobalSection(SolutionConfigurationPlatforms) = preSolution
		Debug|Any CPU = Debug|Any CPU
		Release|Any CPU = Release|Any CPU
	EndGlobalSection
	GlobalSection(ProjectConfigurationPlatforms) = postSolution
		{FBFC8E68-6A04-43FF-B901-B9108111DE02}.Debug|Any CPU.ActiveCfg = Debug|Any CPU
		{FBFC8E68-6A04-43FF-B901-B9108111DE02}.Debug|Any CPU.Build.0 = Debug|Any CPU
		{FBFC8E68-6A04-43FF-B901-B9108111DE02}.Release|Any CPU.ActiveCfg = Release|Any CPU
		{FBFC8E68-6A04-43FF-B901-B9108111DE02}.Release|Any CPU.Build.0 = Release|Any CPU
		{C40A7CD1-76D8-4208-B5C2-810F6415810A}.Debug|Any CPU.ActiveCfg = Debug|Any CPU
		{C40A7CD1-76D8-4208-B5C2-810F6415810A}.Debug|Any CPU.Build.0 = Debug|Any CPU
		{C40A7CD1-76D8-4208-B5C2-810F6415810A}.Release|Any CPU.ActiveCfg = Release|Any CPU
		{C40A7CD1-76D8-4208-B5C2-810F6415810A}.Release|Any CPU.Build.0 = Release|Any CPU
		{DE5930BD-579E-4736-813A-F6EEE3421BA0}.Debug|Any CPU.ActiveCfg = Debug|Any CPU
		{DE5930BD-579E-4736-813A-F6EEE3421BA0}.Debug|Any CPU.Build.0 = Debug|Any CPU
		{DE5930BD-579E-4736-813A-F6EEE3421BA0}.Release|Any CPU.ActiveCfg = Release|Any CPU
		{DE5930BD-579E-4736-813A-F6EEE3421BA0}.Release|Any CPU.Build.0 = Release|Any CPU
		{BF1D621E-EFBD-420A-A374-5F12A0F70E3A}.Debug|Any CPU.ActiveCfg = Debug|Any CPU
		{BF1D621E-EFBD-420A-A374-5F12A0F70E3A}.Debug|Any CPU.Build.0 = Debug|Any CPU
		{BF1D621E-EFBD-420A-A374-5F12A0F70E3A}.Release|Any CPU.ActiveCfg = Release|Any CPU
		{BF1D621E-EFBD-420A-A374-5F12A0F70E3A}.Release|Any CPU.Build.0 = Release|Any CPU
		{52A6C53A-8835-40E4-B43E-EE64E031E65A}.Debug|Any CPU.ActiveCfg = Debug|Any CPU
		{52A6C53A-8835-40E4-B43E-EE64E031E65A}.Debug|Any CPU.Build.0 = Debug|Any CPU
		{52A6C53A-8835-40E4-B43E-EE64E031E65A}.Release|Any CPU.ActiveCfg = Release|Any CPU
		{52A6C53A-8835-40E4-B43E-EE64E031E65A}.Release|Any CPU.Build.0 = Release|Any CPU
		{C4A7CDB9-DF9D-4FAB-992F-8B87E0FD676B}.Debug|Any CPU.ActiveCfg = Debug|Any CPU
		{C4A7CDB9-DF9D-4FAB-992F-8B87E0FD676B}.Debug|Any CPU.Build.0 = Debug|Any CPU
		{C4A7CDB9-DF9D-4FAB-992F-8B87E0FD676B}.Release|Any CPU.ActiveCfg = Release|Any CPU
		{C4A7CDB9-DF9D-4FAB-992F-8B87E0FD676B}.Release|Any CPU.Build.0 = Release|Any CPU
	EndGlobalSection
	GlobalSection(SolutionProperties) = preSolution
		HideSolutionNode = FALSE
	EndGlobalSection
	GlobalSection(NestedProjects) = preSolution
		{FBFC8E68-6A04-43FF-B901-B9108111DE02} = {34F69E7C-22EE-4576-B4FD-5883A15C5808}
		{A426BE7C-1501-452E-B87A-E0B2AFF33E67} = {965677EE-5FEE-4ED6-A4CE-BF43C08EAEB0}
		{C40A7CD1-76D8-4208-B5C2-810F6415810A} = {0709CFCD-4B87-4EA0-B58B-AB1AA759EA22}
		{DE5930BD-579E-4736-813A-F6EEE3421BA0} = {65FA9631-D50A-4BB9-8556-58F7F3E4658B}
		{34F69E7C-22EE-4576-B4FD-5883A15C5808} = {4B55FE90-C63B-4CBF-9A20-2CA463846077}
		{0709CFCD-4B87-4EA0-B58B-AB1AA759EA22} = {A426BE7C-1501-452E-B87A-E0B2AFF33E67}
		{65FA9631-D50A-4BB9-8556-58F7F3E4658B} = {E2D8D71F-9B27-4F4C-A642-24F1116B3428}
		{BA79972A-6643-45F7-9AB5-1221BAC760F2} = {7A7A1CBF-DE9E-4FDA-8892-B38782749D9B}
		{BF1D621E-EFBD-420A-A374-5F12A0F70E3A} = {BA79972A-6643-45F7-9AB5-1221BAC760F2}
		{81BA0D16-FBAF-4C57-994D-84618E2A6EA1} = {4B55FE90-C63B-4CBF-9A20-2CA463846077}
		{52A6C53A-8835-40E4-B43E-EE64E031E65A} = {81BA0D16-FBAF-4C57-994D-84618E2A6EA1}
		{CB1ED2DB-9AA7-40C2-B238-61B31FBE8C70} = {A426BE7C-1501-452E-B87A-E0B2AFF33E67}
		{C4A7CDB9-DF9D-4FAB-992F-8B87E0FD676B} = {CB1ED2DB-9AA7-40C2-B238-61B31FBE8C70}
	EndGlobalSection
EndGlobal
